
Microsoft Visual Studio Solution File, Format Version 12.00
# Visual Studio Version 17
VisualStudioVersion = 17.8.34511.84
MinimumVisualStudioVersion = 10.0.40219.1
Project("{9A19103F-16F7-4668-BE54-9A1E7A4F7556}") = "Words.Auth", "Words.Auth\Words.Auth.csproj", "{387970AE-704D-49C3-8003-2DEA8AE1B767}"
EndProject
Project("{9A19103F-16F7-4668-BE54-9A1E7A4F7556}") = "Words.Auth.Infrastructure", "Words.Auth.Infrastructure\Words.Auth.Infrastructure.csproj", "{FBADE0A5-73C8-4884-935D-5FC0C7B0C2D8}"
EndProject
Project("{2150E333-8FDC-42A3-9474-1A3956D46DE8}") = "Solution Items", "Solution Items", "{17E55302-FC1C-4066-8D9D-76F5A7DD5E26}"
EndProject
Project("{9A19103F-16F7-4668-BE54-9A1E7A4F7556}") = "Words.Auth.Domain.Persistence", "Words.Auth.Domain.Persistence\Words.Auth.Domain.Persistence.csproj", "{95D5805F-9AC5-4003-A6BF-772D6B0616F5}"
EndProject
Global
	GlobalSection(SolutionConfigurationPlatforms) = preSolution
		Debug|Any CPU = Debug|Any CPU
		Release|Any CPU = Release|Any CPU
	EndGlobalSection
	GlobalSection(ProjectConfigurationPlatforms) = postSolution
		{387970AE-704D-49C3-8003-2DEA8AE1B767}.Debug|Any CPU.ActiveCfg = Debug|Any CPU
		{387970AE-704D-49C3-8003-2DEA8AE1B767}.Debug|Any CPU.Build.0 = Debug|Any CPU
		{387970AE-704D-49C3-8003-2DEA8AE1B767}.Release|Any CPU.ActiveCfg = Release|Any CPU
		{387970AE-704D-49C3-8003-2DEA8AE1B767}.Release|Any CPU.Build.0 = Release|Any CPU
		{FBADE0A5-73C8-4884-935D-5FC0C7B0C2D8}.Debug|Any CPU.ActiveCfg = Debug|Any CPU
		{FBADE0A5-73C8-4884-935D-5FC0C7B0C2D8}.Debug|Any CPU.Build.0 = Debug|Any CPU
		{FBADE0A5-73C8-4884-935D-5FC0C7B0C2D8}.Release|Any CPU.ActiveCfg = Release|Any CPU
		{FBADE0A5-73C8-4884-935D-5FC0C7B0C2D8}.Release|Any CPU.Build.0 = Release|Any CPU
		{95D5805F-9AC5-4003-A6BF-772D6B0616F5}.Debug|Any CPU.ActiveCfg = Debug|Any CPU
		{95D5805F-9AC5-4003-A6BF-772D6B0616F5}.Debug|Any CPU.Build.0 = Debug|Any CPU
		{95D5805F-9AC5-4003-A6BF-772D6B0616F5}.Release|Any CPU.ActiveCfg = Release|Any CPU
		{95D5805F-9AC5-4003-A6BF-772D6B0616F5}.Release|Any CPU.Build.0 = Release|Any CPU
	EndGlobalSection
	GlobalSection(SolutionProperties) = preSolution
		HideSolutionNode = FALSE
	EndGlobalSection
	GlobalSection(ExtensibilityGlobals) = postSolution
		SolutionGuid = {7479425D-C4FD-4C7F-B9D7-85577FF1DF75}
	EndGlobalSection
EndGlobal
